
Microsoft Visual Studio Solution File, Format Version 12.00
# Visual Studio 2013
VisualStudioVersion = 12.0.31101.0
MinimumVisualStudioVersion = 10.0.40219.1
Project("{FAE04EC0-301F-11D3-BF4B-00C04F79EFBC}") = "ZM.AzureUploader", "ZM.AzureUploader.csproj", "{513D205A-1E9B-48FA-BAC8-F76A96C67E15}"
EndProject
Project("{2150E333-8FDC-42A3-9474-1A3956D46DE8}") = "Tests", "Tests", "{F365EC22-35B9-45D3-AC9F-974D92D863E8}"
EndProject
Project("{FAE04EC0-301F-11D3-BF4B-00C04F79EFBC}") = "ZM.AzureUploader.Tests", "..\ZM.AzureUploader.Tests\ZM.AzureUploader.Tests.csproj", "{D543C2BD-993A-4DF5-9E03-C08B3174A6A4}"
EndProject
Global
	GlobalSection(SolutionConfigurationPlatforms) = preSolution
		Debug|Any CPU = Debug|Any CPU
		Release|Any CPU = Release|Any CPU
	EndGlobalSection
	GlobalSection(ProjectConfigurationPlatforms) = postSolution
		{513D205A-1E9B-48FA-BAC8-F76A96C67E15}.Debug|Any CPU.ActiveCfg = Debug|Any CPU
		{513D205A-1E9B-48FA-BAC8-F76A96C67E15}.Debug|Any CPU.Build.0 = Debug|Any CPU
		{513D205A-1E9B-48FA-BAC8-F76A96C67E15}.Release|Any CPU.ActiveCfg = Release|Any CPU
		{513D205A-1E9B-48FA-BAC8-F76A96C67E15}.Release|Any CPU.Build.0 = Release|Any CPU
		{D543C2BD-993A-4DF5-9E03-C08B3174A6A4}.Debug|Any CPU.ActiveCfg = Debug|Any CPU
		{D543C2BD-993A-4DF5-9E03-C08B3174A6A4}.Debug|Any CPU.Build.0 = Debug|Any CPU
		{D543C2BD-993A-4DF5-9E03-C08B3174A6A4}.Release|Any CPU.ActiveCfg = Release|Any CPU
		{D543C2BD-993A-4DF5-9E03-C08B3174A6A4}.Release|Any CPU.Build.0 = Release|Any CPU
	EndGlobalSection
	GlobalSection(SolutionProperties) = preSolution
		HideSolutionNode = FALSE
	EndGlobalSection
	GlobalSection(NestedProjects) = preSolution
		{D543C2BD-993A-4DF5-9E03-C08B3174A6A4} = {F365EC22-35B9-45D3-AC9F-974D92D863E8}
	EndGlobalSection
EndGlobal
